PODS:
  - Alamofire (4.8.2)
  - AlamofireImage (3.5.2):
    - Alamofire (~> 4.8)
  - CryptoSwift (1.0.0)
  - Hue (4.0.0)

DEPENDENCIES:
  - Alamofire (~> 4.8.1)
  - AlamofireImage (~> 3.5)
  - CryptoSwift
  - Hue

SPEC REPOS:
  https://github.com/cocoapods/specs.git:
    - Alamofire
    - AlamofireImage
    - CryptoSwift
    - Hue

SPEC CHECKSUMS:
  Alamofire: ae5c501addb7afdbb13687d7f2f722c78734c2d3
  AlamofireImage: 63cfe3baf1370be6c498149687cf6db3e3b00999
  CryptoSwift: d81eeaa59dc5a8d03720fe919a6fd07b51f7439f
  Hue: afe18b4e819e2848e7d2d5b4b33f4d3f88dd921b

PODFILE CHECKSUM: bc741900c559e54945d43c1c1dd8be324f605c63

COCOAPODS: 1.7.5
