// !$*UTF8*$!
{
	archiveVersion = 1;
	classes = {
	};
	objectVersion = 51;
	objects = {

/* Begin PBXBuildFile section */
		66D9C932E163A8DD013CD4FE /* Pods_RelaxMeMacUITests.framework in Frameworks */ = {isa = PBXBuildFile; fileRef = 30BDB50EA467DC32A712CDB4 /* Pods_RelaxMeMacUITests.framework */; };
		85AAE04721E142A7033CF5FC /* Pods_RelaxMeMac.framework in Frameworks */ = {isa = PBXBuildFile; fileRef = A6D2D214AEE412395B13E52E /* Pods_RelaxMeMac.framework */; };
		D8921F8323445A7800CA39AD /* AppDelegate.swift in Sources */ = {isa = PBXBuildFile; fileRef = D8921F8223445A7800CA39AD /* AppDelegate.swift */; };
		D8921F8523445A7800CA39AD /* ViewController.swift in Sources */ = {isa = PBXBuildFile; fileRef = D8921F8423445A7800CA39AD /* ViewController.swift */; };
		D8921F8823445A7800CA39AD /* RelaxMeMac.xcdatamodeld in Sources */ = {isa = PBXBuildFile; fileRef = D8921F8623445A7800CA39AD /* RelaxMeMac.xcdatamodeld */; };
		D8921F8A23445A7A00CA39AD /* Assets.xcassets in Resources */ = {isa = PBXBuildFile; fileRef = D8921F8923445A7A00CA39AD /* Assets.xcassets */; };
		D8921F8D23445A7A00CA39AD /* Main.storyboard in Resources */ = {isa = PBXBuildFile; fileRef = D8921F8B23445A7A00CA39AD /* Main.storyboard */; };
		D8921F9923445A7A00CA39AD /* RelaxMeMacTests.swift in Sources */ = {isa = PBXBuildFile; fileRef = D8921F9823445A7A00CA39AD /* RelaxMeMacTests.swift */; };
		D8921FA423445A7A00CA39AD /* RelaxMeMacUITests.swift in Sources */ = {isa = PBXBuildFile; fileRef = D8921FA323445A7A00CA39AD /* RelaxMeMacUITests.swift */; };
		D8FD505D236D9E3600B53F40 /* ExploreViewController.swift in Sources */ = {isa = PBXBuildFile; fileRef = D8FD505C236D9E3600B53F40 /* ExploreViewController.swift */; };
		D8FD5060236DA68100B53F40 /* WebViewController.swift in Sources */ = {isa = PBXBuildFile; fileRef = D8FD505E236DA68100B53F40 /* WebViewController.swift */; };
		D8FD5063236DA84E00B53F40 /* HttpApi.swift in Sources */ = {isa = PBXBuildFile; fileRef = D8FD5062236DA84E00B53F40 /* HttpApi.swift */; };
		D8FD5065236DA93400B53F40 /* icon_small.png in Resources */ = {isa = PBXBuildFile; fileRef = D8FD5064236DA93400B53F40 /* icon_small.png */; };
		D8FD5076236DA9FE00B53F40 /* ResourceUtil.swift in Sources */ = {isa = PBXBuildFile; fileRef = D8FD5075236DA9FE00B53F40 /* ResourceUtil.swift */; };
		D8FD5078236DAA2E00B53F40 /* String+Extension.swift in Sources */ = {isa = PBXBuildFile; fileRef = D8FD5077236DAA2E00B53F40 /* String+Extension.swift */; };
		D8FD507A236DAA4C00B53F40 /* Contanst.swift in Sources */ = {isa = PBXBuildFile; fileRef = D8FD5079236DAA4C00B53F40 /* Contanst.swift */; };
		D8FD507D236DAD0A00B53F40 /* AboutViewController.swift in Sources */ = {isa = PBXBuildFile; fileRef = D8FD507C236DAD0A00B53F40 /* AboutViewController.swift */; };
		D8FD507F236DAD2500B53F40 /* MoreViewController.swift in Sources */ = {isa = PBXBuildFile; fileRef = D8FD507E236DAD2500B53F40 /* MoreViewController.swift */; };
		D8FD5082236DADF900B53F40 /* term.html in Resources */ = {isa = PBXBuildFile; fileRef = D8FD5080236DADF800B53F40 /* term.html */; };
		D8FD5083236DADF900B53F40 /* privacy.html in Resources */ = {isa = PBXBuildFile; fileRef = D8FD5081236DADF900B53F40 /* privacy.html */; };
		D8FD5088236DAE3C00B53F40 /* Localizable.strings in Resources */ = {isa = PBXBuildFile; fileRef = D8FD508A236DAE3C00B53F40 /* Localizable.strings */; };
		D8FD508E236DB19E00B53F40 /* SecurityUtil.swift in Sources */ = {isa = PBXBuildFile; fileRef = D8FD508D236DB19E00B53F40 /* SecurityUtil.swift */; };
		D8FD5090236DB1AD00B53F40 /* Model.swift in Sources */ = {isa = PBXBuildFile; fileRef = D8FD508F236DB1AD00B53F40 /* Model.swift */; };
		D8FD5092236E786100B53F40 /* MusicPlayerViewController.swift in Sources */ = {isa = PBXBuildFile; fileRef = D8FD5091236E786100B53F40 /* MusicPlayerViewController.swift */; };
		D8FD5095236EA21400B53F40 /* ExploreCollectionViewItem.swift in Sources */ = {isa = PBXBuildFile; fileRef = D8FD5093236EA21400B53F40 /* ExploreCollectionViewItem.swift */; };
		D8FD5096236EA21400B53F40 /* ExploreCollectionViewItem.xib in Resources */ = {isa = PBXBuildFile; fileRef = D8FD5094236EA21400B53F40 /* ExploreCollectionViewItem.xib */; };
		D8FD509A236EBD4600B53F40 /* HeaderView.swift in Sources */ = {isa = PBXBuildFile; fileRef = D8FD5099236EBD4600B53F40 /* HeaderView.swift */; };
		D8FD509C236EBD5000B53F40 /* HeaderView.xib in Resources */ = {isa = PBXBuildFile; fileRef = D8FD509B236EBD5000B53F40 /* HeaderView.xib */; };
		D8FD50A0236EC89900B53F40 /* SwiftHEXColors.swift in Sources */ = {isa = PBXBuildFile; fileRef = D8FD509F236EC89900B53F40 /* SwiftHEXColors.swift */; };
		D8FD50A2236EC98800B53F40 /* DownloadApi.swift in Sources */ = {isa = PBXBuildFile; fileRef = D8FD50A1236EC98800B53F40 /* DownloadApi.swift */; };
		D8FD50A4236EC9C500B53F40 /* FileApi.swift in Sources */ = {isa = PBXBuildFile; fileRef = D8FD50A3236EC9C500B53F40 /* FileApi.swift */; };
		D8FD50A6236F011B00B53F40 /* Common.swift in Sources */ = {isa = PBXBuildFile; fileRef = D8FD50A5236F011B00B53F40 /* Common.swift */; };
		DAA5BBD5F7E27C195F4ECEA4 /* Pods_RelaxMeMacTests.framework in Frameworks */ = {isa = PBXBuildFile; fileRef = 268311F6133617F390605E0E /* Pods_RelaxMeMacTests.framework */; };
/* End PBXBuildFile section */

/* Begin PBXContainerItemProxy section */
		D8921F9523445A7A00CA39AD /* PBXContainerItemProxy */ = {
			isa = PBXContainerItemProxy;
			containerPortal = D8921F7723445A7800CA39AD /* Project object */;
			proxyType = 1;
			remoteGlobalIDString = D8921F7E23445A7800CA39AD;
			remoteInfo = RelaxMeMac;
		};
		D8921FA023445A7A00CA39AD /* PBXContainerItemProxy */ = {
			isa = PBXContainerItemProxy;
			containerPortal = D8921F7723445A7800CA39AD /* Project object */;
			proxyType = 1;
			remoteGlobalIDString = D8921F7E23445A7800CA39AD;
			remoteInfo = RelaxMeMac;
		};
/* End PBXContainerItemProxy section */

/* Begin PBXFileReference section */
		268311F6133617F390605E0E /* Pods_RelaxMeMacTests.framework */ = {isa = PBXFileReference; explicitFileType = wrapper.framework; includeInIndex = 0; path = Pods_RelaxMeMacTests.framework; sourceTree = BUILT_PRODUCTS_DIR; };
		30BDB50EA467DC32A712CDB4 /* Pods_RelaxMeMacUITests.framework */ = {isa = PBXFileReference; explicitFileType = wrapper.framework; includeInIndex = 0; path = Pods_RelaxMeMacUITests.framework; sourceTree = BUILT_PRODUCTS_DIR; };
		5C0AABF67675170DB94A9EAE /* Pods-RelaxMeMacUITests.release.xcconfig */ = {isa = PBXFileReference; includeInIndex = 1; lastKnownFileType = text.xcconfig; name = "Pods-RelaxMeMacUITests.release.xcconfig"; path = "Target Support Files/Pods-RelaxMeMacUITests/Pods-RelaxMeMacUITests.release.xcconfig"; sourceTree = "<group>"; };
		5EB2EEDE8875B8C774F03EE7 /* Pods-RelaxMeMac.debug.xcconfig */ = {isa = PBXFileReference; includeInIndex = 1; lastKnownFileType = text.xcconfig; name = "Pods-RelaxMeMac.debug.xcconfig"; path = "Target Support Files/Pods-RelaxMeMac/Pods-RelaxMeMac.debug.xcconfig"; sourceTree = "<group>"; };
		9399952164FB752F8544D3B5 /* Pods-RelaxMeMacUITests.debug.xcconfig */ = {isa = PBXFileReference; includeInIndex = 1; lastKnownFileType = text.xcconfig; name = "Pods-RelaxMeMacUITests.debug.xcconfig"; path = "Target Support Files/Pods-RelaxMeMacUITests/Pods-RelaxMeMacUITests.debug.xcconfig"; sourceTree = "<group>"; };
		A4D1024D4C3A140C75AC6A93 /* Pods-RelaxMeMac.release.xcconfig */ = {isa = PBXFileReference; includeInIndex = 1; lastKnownFileType = text.xcconfig; name = "Pods-RelaxMeMac.release.xcconfig"; path = "Target Support Files/Pods-RelaxMeMac/Pods-RelaxMeMac.release.xcconfig"; sourceTree = "<group>"; };
		A6D2D214AEE412395B13E52E /* Pods_RelaxMeMac.framework */ = {isa = PBXFileReference; explicitFileType = wrapper.framework; includeInIndex = 0; path = Pods_RelaxMeMac.framework; sourceTree = BUILT_PRODUCTS_DIR; };
		CA8DE06439106C28A969A970 /* Pods-RelaxMeMacTests.release.xcconfig */ = {isa = PBXFileReference; includeInIndex = 1; lastKnownFileType = text.xcconfig; name = "Pods-RelaxMeMacTests.release.xcconfig"; path = "Target Support Files/Pods-RelaxMeMacTests/Pods-RelaxMeMacTests.release.xcconfig"; sourceTree = "<group>"; };
		D8921F7F23445A7800CA39AD /* RelaxMe.app */ = {isa = PBXFileReference; explicitFileType = wrapper.application; includeInIndex = 0; path = RelaxMe.app; sourceTree = BUILT_PRODUCTS_DIR; };
		D8921F8223445A7800CA39AD /* AppDelegate.swift */ = {isa = PBXFileReference; lastKnownFileType = sourcecode.swift; path = AppDelegate.swift; sourceTree = "<group>"; };
		D8921F8423445A7800CA39AD /* ViewController.swift */ = {isa = PBXFileReference; lastKnownFileType = sourcecode.swift; path = ViewController.swift; sourceTree = "<group>"; };
		D8921F8723445A7800CA39AD /* RelaxMeMac.xcdatamodel */ = {isa = PBXFileReference; lastKnownFileType = wrapper.xcdatamodel; path = RelaxMeMac.xcdatamodel; sourceTree = "<group>"; };
		D8921F8923445A7A00CA39AD /* Assets.xcassets */ = {isa = PBXFileReference; lastKnownFileType = folder.assetcatalog; path = Assets.xcassets; sourceTree = "<group>"; };
		D8921F8C23445A7A00CA39AD /* Base */ = {isa = PBXFileReference; lastKnownFileType = file.storyboard; name = Base; path = Base.lproj/Main.storyboard; sourceTree = "<group>"; };
		D8921F8E23445A7A00CA39AD /* Info.plist */ = {isa = PBXFileReference; lastKnownFileType = text.plist.xml; path = Info.plist; sourceTree = "<group>"; };
		D8921F8F23445A7A00CA39AD /* RelaxMeMac.entitlements */ = {isa = PBXFileReference; lastKnownFileType = text.plist.entitlements; path = RelaxMeMac.entitlements; sourceTree = "<group>"; };
		D8921F9423445A7A00CA39AD /* RelaxMeMacTests.xctest */ = {isa = PBXFileReference; explicitFileType = wrapper.cfbundle; includeInIndex = 0; path = RelaxMeMacTests.xctest; sourceTree = BUILT_PRODUCTS_DIR; };
		D8921F9823445A7A00CA39AD /* RelaxMeMacTests.swift */ = {isa = PBXFileReference; lastKnownFileType = sourcecode.swift; path = RelaxMeMacTests.swift; sourceTree = "<group>"; };
		D8921F9A23445A7A00CA39AD /* Info.plist */ = {isa = PBXFileReference; lastKnownFileType = text.plist.xml; path = Info.plist; sourceTree = "<group>"; };
		D8921F9F23445A7A00CA39AD /* RelaxMeMacUITests.xctest */ = {isa = PBXFileReference; explicitFileType = wrapper.cfbundle; includeInIndex = 0; path = RelaxMeMacUITests.xctest; sourceTree = BUILT_PRODUCTS_DIR; };
		D8921FA323445A7A00CA39AD /* RelaxMeMacUITests.swift */ = {isa = PBXFileReference; lastKnownFileType = sourcecode.swift; path = RelaxMeMacUITests.swift; sourceTree = "<group>"; };
		D8921FA523445A7A00CA39AD /* Info.plist */ = {isa = PBXFileReference; lastKnownFileType = text.plist.xml; path = Info.plist; sourceTree = "<group>"; };
		D8FD505C236D9E3600B53F40 /* ExploreViewController.swift */ = {isa = PBXFileReference; lastKnownFileType = sourcecode.swift; path = ExploreViewController.swift; sourceTree = "<group>"; };
		D8FD505E236DA68100B53F40 /* WebViewController.swift */ = {isa = PBXFileReference; lastKnownFileType = sourcecode.swift; path = WebViewController.swift; sourceTree = "<group>"; };
		D8FD5062236DA84E00B53F40 /* HttpApi.swift */ = {isa = PBXFileReference; lastKnownFileType = sourcecode.swift; path = HttpApi.swift; sourceTree = "<group>"; };
		D8FD5064236DA93400B53F40 /* icon_small.png */ = {isa = PBXFileReference; lastKnownFileType = image.png; path = icon_small.png; sourceTree = "<group>"; };
		D8FD5075236DA9FE00B53F40 /* ResourceUtil.swift */ = {isa = PBXFileReference; lastKnownFileType = sourcecode.swift; path = ResourceUtil.swift; sourceTree = "<group>"; };
		D8FD5077236DAA2E00B53F40 /* String+Extension.swift */ = {isa = PBXFileReference; fileEncoding = 4; lastKnownFileType = sourcecode.swift; path = "String+Extension.swift"; sourceTree = "<group>"; };
		D8FD5079236DAA4C00B53F40 /* Contanst.swift */ = {isa = PBXFileReference; fileEncoding = 4; lastKnownFileType = sourcecode.swift; path = Contanst.swift; sourceTree = "<group>"; };
		D8FD507C236DAD0A00B53F40 /* AboutViewController.swift */ = {isa = PBXFileReference; lastKnownFileType = sourcecode.swift; path = AboutViewController.swift; sourceTree = "<group>"; };
		D8FD507E236DAD2500B53F40 /* MoreViewController.swift */ = {isa = PBXFileReference; lastKnownFileType = sourcecode.swift; path = MoreViewController.swift; sourceTree = "<group>"; };
		D8FD5080236DADF800B53F40 /* term.html */ = {isa = PBXFileReference; fileEncoding = 4; lastKnownFileType = text.html; path = term.html; sourceTree = "<group>"; };
		D8FD5081236DADF900B53F40 /* privacy.html */ = {isa = PBXFileReference; fileEncoding = 4; lastKnownFileType = text.html; path = privacy.html; sourceTree = "<group>"; };
		D8FD5086236DAE3000B53F40 /* zh-Hans */ = {isa = PBXFileReference; lastKnownFileType = text.plist.strings; name = "zh-Hans"; path = "zh-Hans.lproj/Main.strings"; sourceTree = "<group>"; };
		D8FD5087236DAE3600B53F40 /* zh-HK */ = {isa = PBXFileReference; lastKnownFileType = text.plist.strings; name = "zh-HK"; path = "zh-HK.lproj/Main.strings"; sourceTree = "<group>"; };
		D8FD5089236DAE3C00B53F40 /* en */ = {isa = PBXFileReference; lastKnownFileType = text.plist.strings; name = en; path = en.lproj/Localizable.strings; sourceTree = "<group>"; };
		D8FD508B236DAE4000B53F40 /* zh-HK */ = {isa = PBXFileReference; lastKnownFileType = text.plist.strings; name = "zh-HK"; path = "zh-HK.lproj/Localizable.strings"; sourceTree = "<group>"; };
		D8FD508C236DAE4100B53F40 /* zh-Hans */ = {isa = PBXFileReference; lastKnownFileType = text.plist.strings; name = "zh-Hans"; path = "zh-Hans.lproj/Localizable.strings"; sourceTree = "<group>"; };
		D8FD508D236DB19E00B53F40 /* SecurityUtil.swift */ = {isa = PBXFileReference; fileEncoding = 4; lastKnownFileType = sourcecode.swift; path = SecurityUtil.swift; sourceTree = "<group>"; };
		D8FD508F236DB1AD00B53F40 /* Model.swift */ = {isa = PBXFileReference; fileEncoding = 4; lastKnownFileType = sourcecode.swift; path = Model.swift; sourceTree = "<group>"; };
		D8FD5091236E786100B53F40 /* MusicPlayerViewController.swift */ = {isa = PBXFileReference; lastKnownFileType = sourcecode.swift; path = MusicPlayerViewController.swift; sourceTree = "<group>"; };
		D8FD5093236EA21400B53F40 /* ExploreCollectionViewItem.swift */ = {isa = PBXFileReference; lastKnownFileType = sourcecode.swift; path = ExploreCollectionViewItem.swift; sourceTree = "<group>"; };
		D8FD5094236EA21400B53F40 /* ExploreCollectionViewItem.xib */ = {isa = PBXFileReference; lastKnownFileType = file.xib; path = ExploreCollectionViewItem.xib; sourceTree = "<group>"; };
		D8FD5099236EBD4600B53F40 /* HeaderView.swift */ = {isa = PBXFileReference; lastKnownFileType = sourcecode.swift; path = HeaderView.swift; sourceTree = "<group>"; };
		D8FD509B236EBD5000B53F40 /* HeaderView.xib */ = {isa = PBXFileReference; lastKnownFileType = file.xib; path = HeaderView.xib; sourceTree = "<group>"; };
		D8FD509F236EC89900B53F40 /* SwiftHEXColors.swift */ = {isa = PBXFileReference; lastKnownFileType = sourcecode.swift; name = SwiftHEXColors.swift; path = ../Pods/SwiftHEXColors/Sources/SwiftHEXColors.swift; sourceTree = "<group>"; };
		D8FD50A1236EC98800B53F40 /* DownloadApi.swift */ = {isa = PBXFileReference; lastKnownFileType = sourcecode.swift; path = DownloadApi.swift; sourceTree = "<group>"; };
		D8FD50A3236EC9C500B53F40 /* FileApi.swift */ = {isa = PBXFileReference; lastKnownFileType = sourcecode.swift; path = FileApi.swift; sourceTree = "<group>"; };
		D8FD50A5236F011B00B53F40 /* Common.swift */ = {isa = PBXFileReference; lastKnownFileType = sourcecode.swift; path = Common.swift; sourceTree = "<group>"; };
		FDA5B538752776883EFD574C /* Pods-RelaxMeMacTests.debug.xcconfig */ = {isa = PBXFileReference; includeInIndex = 1; lastKnownFileType = text.xcconfig; name = "Pods-RelaxMeMacTests.debug.xcconfig"; path = "Target Support Files/Pods-RelaxMeMacTests/Pods-RelaxMeMacTests.debug.xcconfig"; sourceTree = "<group>"; };
/* End PBXFileReference section */

/* Begin PBXFrameworksBuildPhase section */
		D8921F7C23445A7800CA39AD /* Frameworks */ = {
			isa = PBXFrameworksBuildPhase;
			buildActionMask = 2147483647;
			files = (
				85AAE04721E142A7033CF5FC /* Pods_RelaxMeMac.framework in Frameworks */,
			);
			runOnlyForDeploymentPostprocessing = 0;
		};
		D8921F9123445A7A00CA39AD /* Frameworks */ = {
			isa = PBXFrameworksBuildPhase;
			buildActionMask = 2147483647;
			files = (
				DAA5BBD5F7E27C195F4ECEA4 /* Pods_RelaxMeMacTests.framework in Frameworks */,
			);
			runOnlyForDeploymentPostprocessing = 0;
		};
		D8921F9C23445A7A00CA39AD /* Frameworks */ = {
			isa = PBXFrameworksBuildPhase;
			buildActionMask = 2147483647;
			files = (
				66D9C932E163A8DD013CD4FE /* Pods_RelaxMeMacUITests.framework in Frameworks */,
			);
			runOnlyForDeploymentPostprocessing = 0;
		};
/* End PBXFrameworksBuildPhase section */

/* Begin PBXGroup section */
		3758D6D1C618A4FCBA71E367 /* Pods */ = {
			isa = PBXGroup;
			children = (
				5EB2EEDE8875B8C774F03EE7 /* Pods-RelaxMeMac.debug.xcconfig */,
				A4D1024D4C3A140C75AC6A93 /* Pods-RelaxMeMac.release.xcconfig */,
				FDA5B538752776883EFD574C /* Pods-RelaxMeMacTests.debug.xcconfig */,
				CA8DE06439106C28A969A970 /* Pods-RelaxMeMacTests.release.xcconfig */,
				9399952164FB752F8544D3B5 /* Pods-RelaxMeMacUITests.debug.xcconfig */,
				5C0AABF67675170DB94A9EAE /* Pods-RelaxMeMacUITests.release.xcconfig */,
			);
			path = Pods;
			sourceTree = "<group>";
		};
		6420A3C462D2DCE2DF0ACA8B /* Frameworks */ = {
			isa = PBXGroup;
			children = (
				A6D2D214AEE412395B13E52E /* Pods_RelaxMeMac.framework */,
				268311F6133617F390605E0E /* Pods_RelaxMeMacTests.framework */,
				30BDB50EA467DC32A712CDB4 /* Pods_RelaxMeMacUITests.framework */,
			);
			name = Frameworks;
			sourceTree = "<group>";
		};
		D8921F7623445A7800CA39AD = {
			isa = PBXGroup;
			children = (
				D8921F8123445A7800CA39AD /* RelaxMeMac */,
				D8921F9723445A7A00CA39AD /* RelaxMeMacTests */,
				D8921FA223445A7A00CA39AD /* RelaxMeMacUITests */,
				D8921F8023445A7800CA39AD /* Products */,
				3758D6D1C618A4FCBA71E367 /* Pods */,
				6420A3C462D2DCE2DF0ACA8B /* Frameworks */,
			);
			sourceTree = "<group>";
		};
		D8921F8023445A7800CA39AD /* Products */ = {
			isa = PBXGroup;
			children = (
				D8921F7F23445A7800CA39AD /* RelaxMe.app */,
				D8921F9423445A7A00CA39AD /* RelaxMeMacTests.xctest */,
				D8921F9F23445A7A00CA39AD /* RelaxMeMacUITests.xctest */,
			);
			name = Products;
			sourceTree = "<group>";
		};
		D8921F8123445A7800CA39AD /* RelaxMeMac */ = {
			isa = PBXGroup;
			children = (
				D8FD5064236DA93400B53F40 /* icon_small.png */,
				D8921F8223445A7800CA39AD /* AppDelegate.swift */,
				D8921F8423445A7800CA39AD /* ViewController.swift */,
				D8921F8923445A7A00CA39AD /* Assets.xcassets */,
				D8921F8B23445A7A00CA39AD /* Main.storyboard */,
				D8921F8E23445A7A00CA39AD /* Info.plist */,
				D8921F8F23445A7A00CA39AD /* RelaxMeMac.entitlements */,
				D8921F8623445A7800CA39AD /* RelaxMeMac.xcdatamodeld */,
				D8FD508F236DB1AD00B53F40 /* Model.swift */,
				D8FD507B236DABEF00B53F40 /* ViewController */,
				D8FD5062236DA84E00B53F40 /* HttpApi.swift */,
				D8FD5079236DAA4C00B53F40 /* Contanst.swift */,
				D8FD508D236DB19E00B53F40 /* SecurityUtil.swift */,
				D8FD5077236DAA2E00B53F40 /* String+Extension.swift */,
				D8FD5072236DA95000B53F40 /* Resource */,
				D8FD5075236DA9FE00B53F40 /* ResourceUtil.swift */,
				D8FD509F236EC89900B53F40 /* SwiftHEXColors.swift */,
				D8FD50A1236EC98800B53F40 /* DownloadApi.swift */,
				D8FD50A3236EC9C500B53F40 /* FileApi.swift */,
				D8FD50A5236F011B00B53F40 /* Common.swift */,
			);
			path = RelaxMeMac;
			sourceTree = "<group>";
		};
		D8921F9723445A7A00CA39AD /* RelaxMeMacTests */ = {
			isa = PBXGroup;
			children = (
				D8921F9823445A7A00CA39AD /* RelaxMeMacTests.swift */,
				D8921F9A23445A7A00CA39AD /* Info.plist */,
			);
			path = RelaxMeMacTests;
			sourceTree = "<group>";
		};
		D8921FA223445A7A00CA39AD /* RelaxMeMacUITests */ = {
			isa = PBXGroup;
			children = (
				D8921FA323445A7A00CA39AD /* RelaxMeMacUITests.swift */,
				D8921FA523445A7A00CA39AD /* Info.plist */,
			);
			path = RelaxMeMacUITests;
			sourceTree = "<group>";
		};
		D8FD5072236DA95000B53F40 /* Resource */ = {
			isa = PBXGroup;
			children = (
				D8FD5081236DADF900B53F40 /* privacy.html */,
				D8FD5080236DADF800B53F40 /* term.html */,
				D8FD508A236DAE3C00B53F40 /* Localizable.strings */,
			);
			path = Resource;
			sourceTree = "<group>";
		};
		D8FD507B236DABEF00B53F40 /* ViewController */ = {
			isa = PBXGroup;
			children = (
				D8FD505C236D9E3600B53F40 /* ExploreViewController.swift */,
				D8FD505E236DA68100B53F40 /* WebViewController.swift */,
				D8FD507C236DAD0A00B53F40 /* AboutViewController.swift */,
				D8FD507E236DAD2500B53F40 /* MoreViewController.swift */,
				D8FD5091236E786100B53F40 /* MusicPlayerViewController.swift */,
				D8FD5093236EA21400B53F40 /* ExploreCollectionViewItem.swift */,
				D8FD5094236EA21400B53F40 /* ExploreCollectionViewItem.xib */,
				D8FD5099236EBD4600B53F40 /* HeaderView.swift */,
				D8FD509B236EBD5000B53F40 /* HeaderView.xib */,
			);
			path = ViewController;
			sourceTree = "<group>";
		};
/* End PBXGroup section */

/* Begin PBXNativeTarget section */
		D8921F7E23445A7800CA39AD /* RelaxMe */ = {
			isa = PBXNativeTarget;
			buildConfigurationList = D8921FA823445A7A00CA39AD /* Build configuration list for PBXNativeTarget "RelaxMe" */;
			buildPhases = (
				ACC93E5EF7A38826ED8795F9 /* [CP] Check Pods Manifest.lock */,
				D8921F7B23445A7800CA39AD /* Sources */,
				D8921F7C23445A7800CA39AD /* Frameworks */,
				D8921F7D23445A7800CA39AD /* Resources */,
				80702138A591D221420D887C /* [CP] Embed Pods Frameworks */,
			);
			buildRules = (
			);
			dependencies = (
			);
			name = RelaxMe;
			productName = RelaxMeMac;
			productReference = D8921F7F23445A7800CA39AD /* RelaxMe.app */;
			productType = "com.apple.product-type.application";
		};
		D8921F9323445A7A00CA39AD /* RelaxMeMacTests */ = {
			isa = PBXNativeTarget;
			buildConfigurationList = D8921FAB23445A7A00CA39AD /* Build configuration list for PBXNativeTarget "RelaxMeMacTests" */;
			buildPhases = (
				4E2B40894C04079AEFDA6E86 /* [CP] Check Pods Manifest.lock */,
				D8921F9023445A7A00CA39AD /* Sources */,
				D8921F9123445A7A00CA39AD /* Frameworks */,
				D8921F9223445A7A00CA39AD /* Resources */,
			);
			buildRules = (
			);
			dependencies = (
				D8921F9623445A7A00CA39AD /* PBXTargetDependency */,
			);
			name = RelaxMeMacTests;
			productName = RelaxMeMacTests;
			productReference = D8921F9423445A7A00CA39AD /* RelaxMeMacTests.xctest */;
			productType = "com.apple.product-type.bundle.unit-test";
		};
		D8921F9E23445A7A00CA39AD /* RelaxMeMacUITests */ = {
			isa = PBXNativeTarget;
			buildConfigurationList = D8921FAE23445A7A00CA39AD /* Build configuration list for PBXNativeTarget "RelaxMeMacUITests" */;
			buildPhases = (
				3F26B90286CDD9325CD04B0A /* [CP] Check Pods Manifest.lock */,
				D8921F9B23445A7A00CA39AD /* Sources */,
				D8921F9C23445A7A00CA39AD /* Frameworks */,
				D8921F9D23445A7A00CA39AD /* Resources */,
			);
			buildRules = (
			);
			dependencies = (
				D8921FA123445A7A00CA39AD /* PBXTargetDependency */,
			);
			name = RelaxMeMacUITests;
			productName = RelaxMeMacUITests;
			productReference = D8921F9F23445A7A00CA39AD /* RelaxMeMacUITests.xctest */;
			productType = "com.apple.product-type.bundle.ui-testing";
		};
/* End PBXNativeTarget section */

/* Begin PBXProject section */
		D8921F7723445A7800CA39AD /* Project object */ = {
			isa = PBXProject;
			attributes = {
				LastSwiftUpdateCheck = 1100;
				LastUpgradeCheck = 1100;
				ORGANIZATIONNAME = Sunny;
				TargetAttributes = {
					D8921F7E23445A7800CA39AD = {
						CreatedOnToolsVersion = 11.0;
					};
					D8921F9323445A7A00CA39AD = {
						CreatedOnToolsVersion = 11.0;
						TestTargetID = D8921F7E23445A7800CA39AD;
					};
					D8921F9E23445A7A00CA39AD = {
						CreatedOnToolsVersion = 11.0;
						TestTargetID = D8921F7E23445A7800CA39AD;
					};
				};
			};
			buildConfigurationList = D8921F7A23445A7800CA39AD /* Build configuration list for PBXProject "RelaxMe" */;
			compatibilityVersion = "Xcode 9.3";
			developmentRegion = en;
			hasScannedForEncodings = 0;
			knownRegions = (
				en,
				Base,
				"zh-Hans",
				"zh-HK",
			);
			mainGroup = D8921F7623445A7800CA39AD;
			productRefGroup = D8921F8023445A7800CA39AD /* Products */;
			projectDirPath = "";
			projectRoot = "";
			targets = (
				D8921F7E23445A7800CA39AD /* RelaxMe */,
				D8921F9323445A7A00CA39AD /* RelaxMeMacTests */,
				D8921F9E23445A7A00CA39AD /* RelaxMeMacUITests */,
			);
		};
/* End PBXProject section */

/* Begin PBXResourcesBuildPhase section */
		D8921F7D23445A7800CA39AD /* Resources */ = {
			isa = PBXResourcesBuildPhase;
			buildActionMask = 2147483647;
			files = (
				D8FD5083236DADF900B53F40 /* privacy.html in Resources */,
				D8921F8A23445A7A00CA39AD /* Assets.xcassets in Resources */,
				D8FD5096236EA21400B53F40 /* ExploreCollectionViewItem.xib in Resources */,
				D8FD5082236DADF900B53F40 /* term.html in Resources */,
				D8921F8D23445A7A00CA39AD /* Main.storyboard in Resources */,
				D8FD509C236EBD5000B53F40 /* HeaderView.xib in Resources */,
				D8FD5065236DA93400B53F40 /* icon_small.png in Resources */,
				D8FD5088236DAE3C00B53F40 /* Localizable.strings in Resources */,
			);
			runOnlyForDeploymentPostprocessing = 0;
		};
		D8921F9223445A7A00CA39AD /* Resources */ = {
			isa = PBXResourcesBuildPhase;
			buildActionMask = 2147483647;
			files = (
			);
			runOnlyForDeploymentPostprocessing = 0;
		};
		D8921F9D23445A7A00CA39AD /* Resources */ = {
			isa = PBXResourcesBuildPhase;
			buildActionMask = 2147483647;
			files = (
			);
			runOnlyForDeploymentPostprocessing = 0;
		};
/* End PBXResourcesBuildPhase section */

/* Begin PBXShellScriptBuildPhase section */
		3F26B90286CDD9325CD04B0A /* [CP] Check Pods Manifest.lock */ = {
			isa = PBXShellScriptBuildPhase;
			buildActionMask = 2147483647;
			files = (
			);
			inputFileListPaths = (
			);
			inputPaths = (
				"${PODS_PODFILE_DIR_PATH}/Podfile.lock",
				"${PODS_ROOT}/Manifest.lock",
			);
			name = "[CP] Check Pods Manifest.lock";
			outputFileListPaths = (
			);
			outputPaths = (
				"$(DERIVED_FILE_DIR)/Pods-RelaxMeMacUITests-checkManifestLockResult.txt",
			);
			runOnlyForDeploymentPostprocessing = 0;
			shellPath = /bin/sh;
			shellScript = "diff \"${PODS_PODFILE_DIR_PATH}/Podfile.lock\" \"${PODS_ROOT}/Manifest.lock\" > /dev/null\nif [ $? != 0 ] ; then\n    # print error to STDERR\n    echo \"error: The sandbox is not in sync with the Podfile.lock. Run 'pod install' or update your CocoaPods installation.\" >&2\n    exit 1\nfi\n# This output is used by Xcode 'outputs' to avoid re-running this script phase.\necho \"SUCCESS\" > \"${SCRIPT_OUTPUT_FILE_0}\"\n";
			showEnvVarsInLog = 0;
		};
		4E2B40894C04079AEFDA6E86 /* [CP] Check Pods Manifest.lock */ = {
			isa = PBXShellScriptBuildPhase;
			buildActionMask = 2147483647;
			files = (
			);
			inputFileListPaths = (
			);
			inputPaths = (
				"${PODS_PODFILE_DIR_PATH}/Podfile.lock",
				"${PODS_ROOT}/Manifest.lock",
			);
			name = "[CP] Check Pods Manifest.lock";
			outputFileListPaths = (
			);
			outputPaths = (
				"$(DERIVED_FILE_DIR)/Pods-RelaxMeMacTests-checkManifestLockResult.txt",
			);
			runOnlyForDeploymentPostprocessing = 0;
			shellPath = /bin/sh;
			shellScript = "diff \"${PODS_PODFILE_DIR_PATH}/Podfile.lock\" \"${PODS_ROOT}/Manifest.lock\" > /dev/null\nif [ $? != 0 ] ; then\n    # print error to STDERR\n    echo \"error: The sandbox is not in sync with the Podfile.lock. Run 'pod install' or update your CocoaPods installation.\" >&2\n    exit 1\nfi\n# This output is used by Xcode 'outputs' to avoid re-running this script phase.\necho \"SUCCESS\" > \"${SCRIPT_OUTPUT_FILE_0}\"\n";
			showEnvVarsInLog = 0;
		};
		80702138A591D221420D887C /* [CP] Embed Pods Frameworks */ = {
			isa = PBXShellScriptBuildPhase;
			buildActionMask = 2147483647;
			files = (
			);
			inputFileListPaths = (
				"${PODS_ROOT}/Target Support Files/Pods-RelaxMeMac/Pods-RelaxMeMac-frameworks-${CONFIGURATION}-input-files.xcfilelist",
			);
			name = "[CP] Embed Pods Frameworks";
			outputFileListPaths = (
				"${PODS_ROOT}/Target Support Files/Pods-RelaxMeMac/Pods-RelaxMeMac-frameworks-${CONFIGURATION}-output-files.xcfilelist",
			);
			runOnlyForDeploymentPostprocessing = 0;
			shellPath = /bin/sh;
			shellScript = "\"${PODS_ROOT}/Target Support Files/Pods-RelaxMeMac/Pods-RelaxMeMac-frameworks.sh\"\n";
			showEnvVarsInLog = 0;
		};
		ACC93E5EF7A38826ED8795F9 /* [CP] Check Pods Manifest.lock */ = {
			isa = PBXShellScriptBuildPhase;
			buildActionMask = 2147483647;
			files = (
			);
			inputFileListPaths = (
			);
			inputPaths = (
				"${PODS_PODFILE_DIR_PATH}/Podfile.lock",
				"${PODS_ROOT}/Manifest.lock",
			);
			name = "[CP] Check Pods Manifest.lock";
			outputFileListPaths = (
			);
			outputPaths = (
				"$(DERIVED_FILE_DIR)/Pods-RelaxMeMac-checkManifestLockResult.txt",
			);
			runOnlyForDeploymentPostprocessing = 0;
			shellPath = /bin/sh;
			shellScript = "diff \"${PODS_PODFILE_DIR_PATH}/Podfile.lock\" \"${PODS_ROOT}/Manifest.lock\" > /dev/null\nif [ $? != 0 ] ; then\n    # print error to STDERR\n    echo \"error: The sandbox is not in sync with the Podfile.lock. Run 'pod install' or update your CocoaPods installation.\" >&2\n    exit 1\nfi\n# This output is used by Xcode 'outputs' to avoid re-running this script phase.\necho \"SUCCESS\" > \"${SCRIPT_OUTPUT_FILE_0}\"\n";
			showEnvVarsInLog = 0;
		};
/* End PBXShellScriptBuildPhase section */

/* Begin PBXSourcesBuildPhase section */
		D8921F7B23445A7800CA39AD /* Sources */ = {
			isa = PBXSourcesBuildPhase;
			buildActionMask = 2147483647;
			files = (
				D8FD5078236DAA2E00B53F40 /* String+Extension.swift in Sources */,
				D8FD505D236D9E3600B53F40 /* ExploreViewController.swift in Sources */,
				D8921F8523445A7800CA39AD /* ViewController.swift in Sources */,
				D8FD5092236E786100B53F40 /* MusicPlayerViewController.swift in Sources */,
				D8FD507A236DAA4C00B53F40 /* Contanst.swift in Sources */,
				D8FD507F236DAD2500B53F40 /* MoreViewController.swift in Sources */,
				D8FD5063236DA84E00B53F40 /* HttpApi.swift in Sources */,
				D8FD50A0236EC89900B53F40 /* SwiftHEXColors.swift in Sources */,
				D8FD50A6236F011B00B53F40 /* Common.swift in Sources */,
				D8FD5090236DB1AD00B53F40 /* Model.swift in Sources */,
				D8FD5076236DA9FE00B53F40 /* ResourceUtil.swift in Sources */,
				D8FD50A4236EC9C500B53F40 /* FileApi.swift in Sources */,
				D8FD5095236EA21400B53F40 /* ExploreCollectionViewItem.swift in Sources */,
				D8FD508E236DB19E00B53F40 /* SecurityUtil.swift in Sources */,
				D8921F8823445A7800CA39AD /* RelaxMeMac.xcdatamodeld in Sources */,
				D8FD5060236DA68100B53F40 /* WebViewController.swift in Sources */,
				D8FD50A2236EC98800B53F40 /* DownloadApi.swift in Sources */,
				D8FD507D236DAD0A00B53F40 /* AboutViewController.swift in Sources */,
				D8921F8323445A7800CA39AD /* AppDelegate.swift in Sources */,
				D8FD509A236EBD4600B53F40 /* HeaderView.swift in Sources */,
			);
			runOnlyForDeploymentPostprocessing = 0;
		};
		D8921F9023445A7A00CA39AD /* Sources */ = {
			isa = PBXSourcesBuildPhase;
			buildActionMask = 2147483647;
			files = (
				D8921F9923445A7A00CA39AD /* RelaxMeMacTests.swift in Sources */,
			);
			runOnlyForDeploymentPostprocessing = 0;
		};
		D8921F9B23445A7A00CA39AD /* Sources */ = {
			isa = PBXSourcesBuildPhase;
			buildActionMask = 2147483647;
			files = (
				D8921FA423445A7A00CA39AD /* RelaxMeMacUITests.swift in Sources */,
			);
			runOnlyForDeploymentPostprocessing = 0;
		};
/* End PBXSourcesBuildPhase section */

/* Begin PBXTargetDependency section */
		D8921F9623445A7A00CA39AD /* PBXTargetDependency */ = {
			isa = PBXTargetDependency;
			target = D8921F7E23445A7800CA39AD /* RelaxMe */;
			targetProxy = D8921F9523445A7A00CA39AD /* PBXContainerItemProxy */;
		};
		D8921FA123445A7A00CA39AD /* PBXTargetDependency */ = {
			isa = PBXTargetDependency;
			target = D8921F7E23445A7800CA39AD /* RelaxMe */;
			targetProxy = D8921FA023445A7A00CA39AD /* PBXContainerItemProxy */;
		};
/* End PBXTargetDependency section */

/* Begin PBXVariantGroup section */
		D8921F8B23445A7A00CA39AD /* Main.storyboard */ = {
			isa = PBXVariantGroup;
			children = (
				D8921F8C23445A7A00CA39AD /* Base */,
				D8FD5086236DAE3000B53F40 /* zh-Hans */,
				D8FD5087236DAE3600B53F40 /* zh-HK */,
			);
			name = Main.storyboard;
			sourceTree = "<group>";
		};
		D8FD508A236DAE3C00B53F40 /* Localizable.strings */ = {
			isa = PBXVariantGroup;
			children = (
				D8FD5089236DAE3C00B53F40 /* en */,
				D8FD508B236DAE4000B53F40 /* zh-HK */,
				D8FD508C236DAE4100B53F40 /* zh-Hans */,
			);
			name = Localizable.strings;
			sourceTree = "<group>";
		};
/* End PBXVariantGroup section */

/* Begin XCBuildConfiguration section */
		D8921FA623445A7A00CA39AD /* Debug */ = {
			isa = XCBuildConfiguration;
			buildSettings = {
				ALWAYS_SEARCH_USER_PATHS = NO;
				CLANG_ANALYZER_LOCALIZABILITY_NONLOCALIZED = YES;
				CLANG_ANALYZER_NONNULL = YES;
				CLANG_ANALYZER_NUMBER_OBJECT_CONVERSION = YES_AGGRESSIVE;
				CLANG_CXX_LANGUAGE_STANDARD = "gnu++14";
				CLANG_CXX_LIBRARY = "libc++";
				CLANG_ENABLE_MODULES = YES;
				CLANG_ENABLE_OBJC_ARC = YES;
				CLANG_ENABLE_OBJC_WEAK = YES;
				CLANG_WARN_BLOCK_CAPTURE_AUTORELEASING = YES;
				CLANG_WARN_BOOL_CONVERSION = YES;
				CLANG_WARN_COMMA = YES;
				CLANG_WARN_CONSTANT_CONVERSION = YES;
				CLANG_WARN_DEPRECATED_OBJC_IMPLEMENTATIONS = YES;
				CLANG_WARN_DIRECT_OBJC_ISA_USAGE = YES_ERROR;
				CLANG_WARN_DOCUMENTATION_COMMENTS = YES;
				CLANG_WARN_EMPTY_BODY = YES;
				CLANG_WARN_ENUM_CONVERSION = YES;
				CLANG_WARN_INFINITE_RECURSION = YES;
				CLANG_WARN_INT_CONVERSION = YES;
				CLANG_WARN_NON_LITERAL_NULL_CONVERSION = YES;
				CLANG_WARN_OBJC_IMPLICIT_RETAIN_SELF = YES;
				CLANG_WARN_OBJC_LITERAL_CONVERSION = YES;
				CLANG_WARN_OBJC_ROOT_CLASS = YES_ERROR;
				CLANG_WARN_RANGE_LOOP_ANALYSIS = YES;
				CLANG_WARN_STRICT_PROTOTYPES = YES;
				CLANG_WARN_SUSPICIOUS_MOVE = YES;
				CLANG_WARN_UNGUARDED_AVAILABILITY = YES_AGGRESSIVE;
				CLANG_WARN_UNREACHABLE_CODE = YES;
				CLANG_WARN__DUPLICATE_METHOD_MATCH = YES;
				COPY_PHASE_STRIP = NO;
				DEBUG_INFORMATION_FORMAT = dwarf;
				ENABLE_STRICT_OBJC_MSGSEND = YES;
				ENABLE_TESTABILITY = YES;
				GCC_C_LANGUAGE_STANDARD = gnu11;
				GCC_DYNAMIC_NO_PIC = NO;
				GCC_NO_COMMON_BLOCKS = YES;
				GCC_OPTIMIZATION_LEVEL = 0;
				GCC_PREPROCESSOR_DEFINITIONS = (
					"DEBUG=1",
					"$(inherited)",
				);
				GCC_WARN_64_TO_32_BIT_CONVERSION = YES;
				GCC_WARN_ABOUT_RETURN_TYPE = YES_ERROR;
				GCC_WARN_UNDECLARED_SELECTOR = YES;
				GCC_WARN_UNINITIALIZED_AUTOS = YES_AGGRESSIVE;
				GCC_WARN_UNUSED_FUNCTION = YES;
				GCC_WARN_UNUSED_VARIABLE = YES;
				MACOSX_DEPLOYMENT_TARGET = 10.14;
				MTL_ENABLE_DEBUG_INFO = INCLUDE_SOURCE;
				MTL_FAST_MATH = YES;
				ONLY_ACTIVE_ARCH = YES;
				SDKROOT = macosx;
				SWIFT_ACTIVE_COMPILATION_CONDITIONS = DEBUG;
				SWIFT_OPTIMIZATION_LEVEL = "-Onone";
			};
			name = Debug;
		};
		D8921FA723445A7A00CA39AD /* Release */ = {
			isa = XCBuildConfiguration;
			buildSettings = {
				ALWAYS_SEARCH_USER_PATHS = NO;
				CLANG_ANALYZER_LOCALIZABILITY_NONLOCALIZED = YES;
				CLANG_ANALYZER_NONNULL = YES;
				CLANG_ANALYZER_NUMBER_OBJECT_CONVERSION = YES_AGGRESSIVE;
				CLANG_CXX_LANGUAGE_STANDARD = "gnu++14";
				CLANG_CXX_LIBRARY = "libc++";
				CLANG_ENABLE_MODULES = YES;
				CLANG_ENABLE_OBJC_ARC = YES;
				CLANG_ENABLE_OBJC_WEAK = YES;
				CLANG_WARN_BLOCK_CAPTURE_AUTORELEASING = YES;
				CLANG_WARN_BOOL_CONVERSION = YES;
				CLANG_WARN_COMMA = YES;
				CLANG_WARN_CONSTANT_CONVERSION = YES;
				CLANG_WARN_DEPRECATED_OBJC_IMPLEMENTATIONS = YES;
				CLANG_WARN_DIRECT_OBJC_ISA_USAGE = YES_ERROR;
				CLANG_WARN_DOCUMENTATION_COMMENTS = YES;
				CLANG_WARN_EMPTY_BODY = YES;
				CLANG_WARN_ENUM_CONVERSION = YES;
				CLANG_WARN_INFINITE_RECURSION = YES;
				CLANG_WARN_INT_CONVERSION = YES;
				CLANG_WARN_NON_LITERAL_NULL_CONVERSION = YES;
				CLANG_WARN_OBJC_IMPLICIT_RETAIN_SELF = YES;
				CLANG_WARN_OBJC_LITERAL_CONVERSION = YES;
				CLANG_WARN_OBJC_ROOT_CLASS = YES_ERROR;
				CLANG_WARN_RANGE_LOOP_ANALYSIS = YES;
				CLANG_WARN_STRICT_PROTOTYPES = YES;
				CLANG_WARN_SUSPICIOUS_MOVE = YES;
				CLANG_WARN_UNGUARDED_AVAILABILITY = YES_AGGRESSIVE;
				CLANG_WARN_UNREACHABLE_CODE = YES;
				CLANG_WARN__DUPLICATE_METHOD_MATCH = YES;
				COPY_PHASE_STRIP = NO;
				DEBUG_INFORMATION_FORMAT = "dwarf-with-dsym";
				ENABLE_NS_ASSERTIONS = NO;
				ENABLE_STRICT_OBJC_MSGSEND = YES;
				GCC_C_LANGUAGE_STANDARD = gnu11;
				GCC_NO_COMMON_BLOCKS = YES;
				GCC_WARN_64_TO_32_BIT_CONVERSION = YES;
				GCC_WARN_ABOUT_RETURN_TYPE = YES_ERROR;
				GCC_WARN_UNDECLARED_SELECTOR = YES;
				GCC_WARN_UNINITIALIZED_AUTOS = YES_AGGRESSIVE;
				GCC_WARN_UNUSED_FUNCTION = YES;
				GCC_WARN_UNUSED_VARIABLE = YES;
				MACOSX_DEPLOYMENT_TARGET = 10.14;
				MTL_ENABLE_DEBUG_INFO = NO;
				MTL_FAST_MATH = YES;
				SDKROOT = macosx;
				SWIFT_COMPILATION_MODE = wholemodule;
				SWIFT_OPTIMIZATION_LEVEL = "-O";
			};
			name = Release;
		};
		D8921FA923445A7A00CA39AD /* Debug */ = {
			isa = XCBuildConfiguration;
			baseConfigurationReference = 5EB2EEDE8875B8C774F03EE7 /* Pods-RelaxMeMac.debug.xcconfig */;
			buildSettings = {
				ASSETCATALOG_COMPILER_APPICON_NAME = AppIcon;
				CODE_SIGN_ENTITLEMENTS = RelaxMeMac/RelaxMeMac.entitlements;
				CODE_SIGN_STYLE = Automatic;
				COMBINE_HIDPI_IMAGES = YES;
				DEVELOPMENT_TEAM = 7A4MVM3QLD;
				ENABLE_HARDENED_RUNTIME = YES;
				INFOPLIST_FILE = RelaxMeMac/Info.plist;
				LD_RUNPATH_SEARCH_PATHS = (
					"$(inherited)",
					"@executable_path/../Frameworks",
				);
				MACOSX_DEPLOYMENT_TARGET = 10.12;
				PRODUCT_BUNDLE_IDENTIFIER = com.calmzen.zen.mac;
				PRODUCT_NAME = "$(TARGET_NAME)";
				SWIFT_VERSION = 5.0;
			};
			name = Debug;
		};
		D8921FAA23445A7A00CA39AD /* Release */ = {
			isa = XCBuildConfiguration;
			baseConfigurationReference = A4D1024D4C3A140C75AC6A93 /* Pods-RelaxMeMac.release.xcconfig */;
			buildSettings = {
				ASSETCATALOG_COMPILER_APPICON_NAME = AppIcon;
				CODE_SIGN_ENTITLEMENTS = RelaxMeMac/RelaxMeMac.entitlements;
				CODE_SIGN_STYLE = Automatic;
				COMBINE_HIDPI_IMAGES = YES;
				DEVELOPMENT_TEAM = 7A4MVM3QLD;
				ENABLE_HARDENED_RUNTIME = YES;
				INFOPLIST_FILE = RelaxMeMac/Info.plist;
				LD_RUNPATH_SEARCH_PATHS = (
					"$(inherited)",
					"@executable_path/../Frameworks",
				);
				MACOSX_DEPLOYMENT_TARGET = 10.12;
				PRODUCT_BUNDLE_IDENTIFIER = com.calmzen.zen.mac;
				PRODUCT_NAME = "$(TARGET_NAME)";
				SWIFT_VERSION = 5.0;
			};
			name = Release;
		};
		D8921FAC23445A7A00CA39AD /* Debug */ = {
			isa = XCBuildConfiguration;
			baseConfigurationReference = FDA5B538752776883EFD574C /* Pods-RelaxMeMacTests.debug.xcconfig */;
			buildSettings = {
				ALWAYS_EMBED_SWIFT_STANDARD_LIBRARIES = YES;
				BUNDLE_LOADER = "$(TEST_HOST)";
				CODE_SIGN_STYLE = Automatic;
				COMBINE_HIDPI_IMAGES = YES;
				DEVELOPMENT_TEAM = 7A4MVM3QLD;
				INFOPLIST_FILE = RelaxMeMacTests/Info.plist;
				LD_RUNPATH_SEARCH_PATHS = (
					"$(inherited)",
					"@executable_path/../Frameworks",
					"@loader_path/../Frameworks",
				);
				MACOSX_DEPLOYMENT_TARGET = 10.14;
				PRODUCT_BUNDLE_IDENTIFIER = com.calmzen.zen.mac.RelaxMeMacTests;
				PRODUCT_NAME = "$(TARGET_NAME)";
				SWIFT_VERSION = 5.0;
				TEST_HOST = "$(BUILT_PRODUCTS_DIR)/RelaxMeMac.app/Contents/MacOS/RelaxMeMac";
			};
			name = Debug;
		};
		D8921FAD23445A7A00CA39AD /* Release */ = {
			isa = XCBuildConfiguration;
			baseConfigurationReference = CA8DE06439106C28A969A970 /* Pods-RelaxMeMacTests.release.xcconfig */;
			buildSettings = {
				ALWAYS_EMBED_SWIFT_STANDARD_LIBRARIES = YES;
				BUNDLE_LOADER = "$(TEST_HOST)";
				CODE_SIGN_STYLE = Automatic;
				COMBINE_HIDPI_IMAGES = YES;
				DEVELOPMENT_TEAM = 7A4MVM3QLD;
				INFOPLIST_FILE = RelaxMeMacTests/Info.plist;
				LD_RUNPATH_SEARCH_PATHS = (
					"$(inherited)",
					"@executable_path/../Frameworks",
					"@loader_path/../Frameworks",
				);
				MACOSX_DEPLOYMENT_TARGET = 10.14;
				PRODUCT_BUNDLE_IDENTIFIER = com.calmzen.zen.mac.RelaxMeMacTests;
				PRODUCT_NAME = "$(TARGET_NAME)";
				SWIFT_VERSION = 5.0;
				TEST_HOST = "$(BUILT_PRODUCTS_DIR)/RelaxMeMac.app/Contents/MacOS/RelaxMeMac";
			};
			name = Release;
		};
		D8921FAF23445A7A00CA39AD /* Debug */ = {
			isa = XCBuildConfiguration;
			baseConfigurationReference = 9399952164FB752F8544D3B5 /* Pods-RelaxMeMacUITests.debug.xcconfig */;
			buildSettings = {
				ALWAYS_EMBED_SWIFT_STANDARD_LIBRARIES = YES;
				CODE_SIGN_STYLE = Automatic;
				COMBINE_HIDPI_IMAGES = YES;
				DEVELOPMENT_TEAM = 7A4MVM3QLD;
				INFOPLIST_FILE = RelaxMeMacUITests/Info.plist;
				LD_RUNPATH_SEARCH_PATHS = (
					"$(inherited)",
					"@executable_path/../Frameworks",
					"@loader_path/../Frameworks",
				);
				PRODUCT_BUNDLE_IDENTIFIER = com.calmzen.zen.mac.RelaxMeMacUITests;
				PRODUCT_NAME = "$(TARGET_NAME)";
				SWIFT_VERSION = 5.0;
				TEST_TARGET_NAME = RelaxMeMac;
			};
			name = Debug;
		};
		D8921FB023445A7A00CA39AD /* Release */ = {
			isa = XCBuildConfiguration;
			baseConfigurationReference = 5C0AABF67675170DB94A9EAE /* Pods-RelaxMeMacUITests.release.xcconfig */;
			buildSettings = {
				ALWAYS_EMBED_SWIFT_STANDARD_LIBRARIES = YES;
				CODE_SIGN_STYLE = Automatic;
				COMBINE_HIDPI_IMAGES = YES;
				DEVELOPMENT_TEAM = 7A4MVM3QLD;
				INFOPLIST_FILE = RelaxMeMacUITests/Info.plist;
				LD_RUNPATH_SEARCH_PATHS = (
					"$(inherited)",
					"@executable_path/../Frameworks",
					"@loader_path/../Frameworks",
				);
				PRODUCT_BUNDLE_IDENTIFIER = com.calmzen.zen.mac.RelaxMeMacUITests;
				PRODUCT_NAME = "$(TARGET_NAME)";
				SWIFT_VERSION = 5.0;
				TEST_TARGET_NAME = RelaxMeMac;
			};
			name = Release;
		};
/* End XCBuildConfiguration section */

/* Begin XCConfigurationList section */
		D8921F7A23445A7800CA39AD /* Build configuration list for PBXProject "RelaxMe" */ = {
			isa = XCConfigurationList;
			buildConfigurations = (
				D8921FA623445A7A00CA39AD /* Debug */,
				D8921FA723445A7A00CA39AD /* Release */,
			);
			defaultConfigurationIsVisible = 0;
			defaultConfigurationName = Release;
		};
		D8921FA823445A7A00CA39AD /* Build configuration list for PBXNativeTarget "RelaxMe" */ = {
			isa = XCConfigurationList;
			buildConfigurations = (
				D8921FA923445A7A00CA39AD /* Debug */,
				D8921FAA23445A7A00CA39AD /* Release */,
			);
			defaultConfigurationIsVisible = 0;
			defaultConfigurationName = Release;
		};
		D8921FAB23445A7A00CA39AD /* Build configuration list for PBXNativeTarget "RelaxMeMacTests" */ = {
			isa = XCConfigurationList;
			buildConfigurations = (
				D8921FAC23445A7A00CA39AD /* Debug */,
				D8921FAD23445A7A00CA39AD /* Release */,
			);
			defaultConfigurationIsVisible = 0;
			defaultConfigurationName = Release;
		};
		D8921FAE23445A7A00CA39AD /* Build configuration list for PBXNativeTarget "RelaxMeMacUITests" */ = {
			isa = XCConfigurationList;
			buildConfigurations = (
				D8921FAF23445A7A00CA39AD /* Debug */,
				D8921FB023445A7A00CA39AD /* Release */,
			);
			defaultConfigurationIsVisible = 0;
			defaultConfigurationName = Release;
		};
/* End XCConfigurationList section */

/* Begin XCVersionGroup section */
		D8921F8623445A7800CA39AD /* RelaxMeMac.xcdatamodeld */ = {
			isa = XCVersionGroup;
			children = (
				D8921F8723445A7800CA39AD /* RelaxMeMac.xcdatamodel */,
			);
			currentVersion = D8921F8723445A7800CA39AD /* RelaxMeMac.xcdatamodel */;
			path = RelaxMeMac.xcdatamodeld;
			sourceTree = "<group>";
			versionGroupType = wrapper.xcdatamodel;
		};
/* End XCVersionGroup section */
	};
	rootObject = D8921F7723445A7800CA39AD /* Project object */;
}
